// !$*UTF8*$!
{
	archiveVersion = 1;
	classes = {
	};
	objectVersion = 56;
	objects = {

/* Begin PBXBuildFile section */
		917E26742CDA0594000AACA4 /* AppDelegate.swift in Sources */ = {isa = PBXBuildFile; fileRef = 917E26732CDA0594000AACA4 /* AppDelegate.swift */; };
		917E26762CDA0594000AACA4 /* SceneDelegate.swift in Sources */ = {isa = PBXBuildFile; fileRef = 917E26752CDA0594000AACA4 /* SceneDelegate.swift */; };
		917E26782CDA0594000AACA4 /* ViewController.swift in Sources */ = {isa = PBXBuildFile; fileRef = 917E26772CDA0594000AACA4 /* ViewController.swift */; };
		917E267B2CDA0594000AACA4 /* Main.storyboard in Resources */ = {isa = PBXBuildFile; fileRef = 917E26792CDA0594000AACA4 /* Main.storyboard */; };
		917E267D2CDA0596000AACA4 /* Assets.xcassets in Resources */ = {isa = PBXBuildFile; fileRef = 917E267C2CDA0596000AACA4 /* Assets.xcassets */; };
		917E26802CDA0596000AACA4 /* LaunchScreen.storyboard in Resources */ = {isa = PBXBuildFile; fileRef = 917E267E2CDA0596000AACA4 /* LaunchScreen.storyboard */; };
		917E26882CDA09EC000AACA4 /* CustomTabBar.swift in Sources */ = {isa = PBXBuildFile; fileRef = 917E26872CDA09EC000AACA4 /* CustomTabBar.swift */; };
		917E268A2CDA0A0D000AACA4 /* CustomTabBarController.swift in Sources */ = {isa = PBXBuildFile; fileRef = 917E26892CDA0A0D000AACA4 /* CustomTabBarController.swift */; };
		917E26912CDB62DE000AACA4 /* UIStoryboard+Ext.swift in Sources */ = {isa = PBXBuildFile; fileRef = 917E26902CDB62DE000AACA4 /* UIStoryboard+Ext.swift */; };
		917E26932CDB637E000AACA4 /* UIViewController+Ext.swift in Sources */ = {isa = PBXBuildFile; fileRef = 917E26922CDB637E000AACA4 /* UIViewController+Ext.swift */; };
		917E26952CDDED7B000AACA4 /* HTTPResponse.swift in Sources */ = {isa = PBXBuildFile; fileRef = 917E26942CDDED7B000AACA4 /* HTTPResponse.swift */; };
		917E26972CDDEF94000AACA4 /* FriendsViewController.swift in Sources */ = {isa = PBXBuildFile; fileRef = 917E26962CDDEF94000AACA4 /* FriendsViewController.swift */; };
		917E269A2CDDEFF9000AACA4 /* Friend.storyboard in Resources */ = {isa = PBXBuildFile; fileRef = 917E26992CDDEFF9000AACA4 /* Friend.storyboard */; };
		917E269E2CE32F01000AACA4 /* APIService.swift in Sources */ = {isa = PBXBuildFile; fileRef = 917E269D2CE32F01000AACA4 /* APIService.swift */; };
		917E26A02CE331B7000AACA4 /* HTTPRequest.swift in Sources */ = {isa = PBXBuildFile; fileRef = 917E269F2CE331B7000AACA4 /* HTTPRequest.swift */; };
		917E26A22CE331D4000AACA4 /* HTTPBody.swift in Sources */ = {isa = PBXBuildFile; fileRef = 917E26A12CE331D4000AACA4 /* HTTPBody.swift */; };
		917E26A42CE3339E000AACA4 /* FriendsViewModel.swift in Sources */ = {isa = PBXBuildFile; fileRef = 917E26A32CE3339E000AACA4 /* FriendsViewModel.swift */; };
		917E26A62CE33807000AACA4 /* UserService.swift in Sources */ = {isa = PBXBuildFile; fileRef = 917E26A52CE33807000AACA4 /* UserService.swift */; };
		917E26A82CE3398A000AACA4 /* KoKoAPI.swift in Sources */ = {isa = PBXBuildFile; fileRef = 917E26A72CE3398A000AACA4 /* KoKoAPI.swift */; };
		917E26AA2CE344D3000AACA4 /* ThemeNavigationController.swift in Sources */ = {isa = PBXBuildFile; fileRef = 917E26A92CE344D3000AACA4 /* ThemeNavigationController.swift */; };
		917E26AC2CE5ECAD000AACA4 /* FriendsDetailViewController.swift in Sources */ = {isa = PBXBuildFile; fileRef = 917E26AB2CE5ECAD000AACA4 /* FriendsDetailViewController.swift */; };
		917E26AF2CE62957000AACA4 /* CustomGradientButton.swift in Sources */ = {isa = PBXBuildFile; fileRef = 917E26AE2CE62957000AACA4 /* CustomGradientButton.swift */; };
		917E26B12CEAE12D000AACA4 /* Scenario.storyboard in Resources */ = {isa = PBXBuildFile; fileRef = 917E26B02CEAE12D000AACA4 /* Scenario.storyboard */; };
		917E26B42CEAE15A000AACA4 /* ScenarioViewController.swift in Sources */ = {isa = PBXBuildFile; fileRef = 917E26B32CEAE15A000AACA4 /* ScenarioViewController.swift */; };
		917E26B82CEB1160000AACA4 /* FriendsTableViewCell.swift in Sources */ = {isa = PBXBuildFile; fileRef = 917E26B72CEB1160000AACA4 /* FriendsTableViewCell.swift */; };
		917E26BA2CEB172E000AACA4 /* FriendsItem.swift in Sources */ = {isa = PBXBuildFile; fileRef = 917E26B92CEB172E000AACA4 /* FriendsItem.swift */; };
		917E26BD2CEB1C5E000AACA4 /* Boxed.swift in Sources */ = {isa = PBXBuildFile; fileRef = 917E26BC2CEB1C5E000AACA4 /* Boxed.swift */; };
		917E26BF2CEB1DE5000AACA4 /* UITableView+Ext.swift in Sources */ = {isa = PBXBuildFile; fileRef = 917E26BE2CEB1DE5000AACA4 /* UITableView+Ext.swift */; };
		917E26C12CEB2129000AACA4 /* UITapGestureRecognizer+Ext.swift in Sources */ = {isa = PBXBuildFile; fileRef = 917E26C02CEB2129000AACA4 /* UITapGestureRecognizer+Ext.swift */; };
		917E26C42CEB2FE6000AACA4 /* CustomTransferButton.swift in Sources */ = {isa = PBXBuildFile; fileRef = 917E26C32CEB2FE6000AACA4 /* CustomTransferButton.swift */; };
		917E26C62CEB38FC000AACA4 /* CustomInvitingButton.swift in Sources */ = {isa = PBXBuildFile; fileRef = 917E26C52CEB38FC000AACA4 /* CustomInvitingButton.swift */; };
		917E26C82CEC18A1000AACA4 /* UIColor+Ext.swift in Sources */ = {isa = PBXBuildFile; fileRef = 917E26C72CEC18A1000AACA4 /* UIColor+Ext.swift */; };
		917E26CB2CEC6337000AACA4 /* UserViewModel.swift in Sources */ = {isa = PBXBuildFile; fileRef = 917E26CA2CEC6337000AACA4 /* UserViewModel.swift */; };
		917E26CD2CEC8584000AACA4 /* InvitationCellView.swift in Sources */ = {isa = PBXBuildFile; fileRef = 917E26CC2CEC8584000AACA4 /* InvitationCellView.swift */; };
		917E26D42CECCA5A000AACA4 /* CustomSegmentedView.swift in Sources */ = {isa = PBXBuildFile; fileRef = 917E26D32CECCA5A000AACA4 /* CustomSegmentedView.swift */; };
/* End PBXBuildFile section */

/* Begin PBXFileReference section */
		917E26702CDA0594000AACA4 /* KoKoComboFork.app */ = {isa = PBXFileReference; explicitFileType = wrapper.application; includeInIndex = 0; path = KoKoComboFork.app; sourceTree = BUILT_PRODUCTS_DIR; };
		917E26732CDA0594000AACA4 /* AppDelegate.swift */ = {isa = PBXFileReference; lastKnownFileType = sourcecode.swift; path = AppDelegate.swift; sourceTree = "<group>"; };
		917E26752CDA0594000AACA4 /* SceneDelegate.swift */ = {isa = PBXFileReference; lastKnownFileType = sourcecode.swift; path = SceneDelegate.swift; sourceTree = "<group>"; };
		917E26772CDA0594000AACA4 /* ViewController.swift */ = {isa = PBXFileReference; lastKnownFileType = sourcecode.swift; path = ViewController.swift; sourceTree = "<group>"; };
		917E267A2CDA0594000AACA4 /* Base */ = {isa = PBXFileReference; lastKnownFileType = file.storyboard; name = Base; path = Base.lproj/Main.storyboard; sourceTree = "<group>"; };
		917E267C2CDA0596000AACA4 /* Assets.xcassets */ = {isa = PBXFileReference; lastKnownFileType = folder.assetcatalog; path = Assets.xcassets; sourceTree = "<group>"; };
		917E267F2CDA0596000AACA4 /* Base */ = {isa = PBXFileReference; lastKnownFileType = file.storyboard; name = Base; path = Base.lproj/LaunchScreen.storyboard; sourceTree = "<group>"; };
		917E26812CDA0596000AACA4 /* Info.plist */ = {isa = PBXFileReference; lastKnownFileType = text.plist.xml; path = Info.plist; sourceTree = "<group>"; };
		917E26872CDA09EC000AACA4 /* CustomTabBar.swift */ = {isa = PBXFileReference; lastKnownFileType = sourcecode.swift; path = CustomTabBar.swift; sourceTree = "<group>"; };
		917E26892CDA0A0D000AACA4 /* CustomTabBarController.swift */ = {isa = PBXFileReference; lastKnownFileType = sourcecode.swift; path = CustomTabBarController.swift; sourceTree = "<group>"; };
		917E26902CDB62DE000AACA4 /* UIStoryboard+Ext.swift */ = {isa = PBXFileReference; lastKnownFileType = sourcecode.swift; path = "UIStoryboard+Ext.swift"; sourceTree = "<group>"; };
		917E26922CDB637E000AACA4 /* UIViewController+Ext.swift */ = {isa = PBXFileReference; lastKnownFileType = sourcecode.swift; path = "UIViewController+Ext.swift"; sourceTree = "<group>"; };
		917E26942CDDED7B000AACA4 /* HTTPResponse.swift */ = {isa = PBXFileReference; lastKnownFileType = sourcecode.swift; path = HTTPResponse.swift; sourceTree = "<group>"; };
		917E26962CDDEF94000AACA4 /* FriendsViewController.swift */ = {isa = PBXFileReference; lastKnownFileType = sourcecode.swift; path = FriendsViewController.swift; sourceTree = "<group>"; };
		917E26992CDDEFF9000AACA4 /* Friend.storyboard */ = {isa = PBXFileReference; lastKnownFileType = file.storyboard; path = Friend.storyboard; sourceTree = "<group>"; };
		917E269D2CE32F01000AACA4 /* APIService.swift */ = {isa = PBXFileReference; lastKnownFileType = sourcecode.swift; path = APIService.swift; sourceTree = "<group>"; };
		917E269F2CE331B7000AACA4 /* HTTPRequest.swift */ = {isa = PBXFileReference; lastKnownFileType = sourcecode.swift; path = HTTPRequest.swift; sourceTree = "<group>"; };
		917E26A12CE331D4000AACA4 /* HTTPBody.swift */ = {isa = PBXFileReference; lastKnownFileType = sourcecode.swift; path = HTTPBody.swift; sourceTree = "<group>"; };
		917E26A32CE3339E000AACA4 /* FriendsViewModel.swift */ = {isa = PBXFileReference; lastKnownFileType = sourcecode.swift; path = FriendsViewModel.swift; sourceTree = "<group>"; };
		917E26A52CE33807000AACA4 /* UserService.swift */ = {isa = PBXFileReference; lastKnownFileType = sourcecode.swift; path = UserService.swift; sourceTree = "<group>"; };
		917E26A72CE3398A000AACA4 /* KoKoAPI.swift */ = {isa = PBXFileReference; lastKnownFileType = sourcecode.swift; path = KoKoAPI.swift; sourceTree = "<group>"; };
		917E26A92CE344D3000AACA4 /* ThemeNavigationController.swift */ = {isa = PBXFileReference; lastKnownFileType = sourcecode.swift; path = ThemeNavigationController.swift; sourceTree = "<group>"; };
		917E26AB2CE5ECAD000AACA4 /* FriendsDetailViewController.swift */ = {isa = PBXFileReference; lastKnownFileType = sourcecode.swift; path = FriendsDetailViewController.swift; sourceTree = "<group>"; };
		917E26AE2CE62957000AACA4 /* CustomGradientButton.swift */ = {isa = PBXFileReference; lastKnownFileType = sourcecode.swift; path = CustomGradientButton.swift; sourceTree = "<group>"; };
		917E26B02CEAE12D000AACA4 /* Scenario.storyboard */ = {isa = PBXFileReference; lastKnownFileType = file.storyboard; path = Scenario.storyboard; sourceTree = "<group>"; };
		917E26B32CEAE15A000AACA4 /* ScenarioViewController.swift */ = {isa = PBXFileReference; lastKnownFileType = sourcecode.swift; path = ScenarioViewController.swift; sourceTree = "<group>"; };
		917E26B72CEB1160000AACA4 /* FriendsTableViewCell.swift */ = {isa = PBXFileReference; lastKnownFileType = sourcecode.swift; path = FriendsTableViewCell.swift; sourceTree = "<group>"; };
		917E26B92CEB172E000AACA4 /* FriendsItem.swift */ = {isa = PBXFileReference; lastKnownFileType = sourcecode.swift; path = FriendsItem.swift; sourceTree = "<group>"; };
		917E26BC2CEB1C5E000AACA4 /* Boxed.swift */ = {isa = PBXFileReference; lastKnownFileType = sourcecode.swift; path = Boxed.swift; sourceTree = "<group>"; };
		917E26BE2CEB1DE5000AACA4 /* UITableView+Ext.swift */ = {isa = PBXFileReference; lastKnownFileType = sourcecode.swift; path = "UITableView+Ext.swift"; sourceTree = "<group>"; };
		917E26C02CEB2129000AACA4 /* UITapGestureRecognizer+Ext.swift */ = {isa = PBXFileReference; lastKnownFileType = sourcecode.swift; path = "UITapGestureRecognizer+Ext.swift"; sourceTree = "<group>"; };
		917E26C32CEB2FE6000AACA4 /* CustomTransferButton.swift */ = {isa = PBXFileReference; lastKnownFileType = sourcecode.swift; path = CustomTransferButton.swift; sourceTree = "<group>"; };
		917E26C52CEB38FC000AACA4 /* CustomInvitingButton.swift */ = {isa = PBXFileReference; lastKnownFileType = sourcecode.swift; path = CustomInvitingButton.swift; sourceTree = "<group>"; };
		917E26C72CEC18A1000AACA4 /* UIColor+Ext.swift */ = {isa = PBXFileReference; lastKnownFileType = sourcecode.swift; path = "UIColor+Ext.swift"; sourceTree = "<group>"; };
		917E26CA2CEC6337000AACA4 /* UserViewModel.swift */ = {isa = PBXFileReference; lastKnownFileType = sourcecode.swift; path = UserViewModel.swift; sourceTree = "<group>"; };
		917E26CC2CEC8584000AACA4 /* InvitationCellView.swift */ = {isa = PBXFileReference; lastKnownFileType = sourcecode.swift; path = InvitationCellView.swift; sourceTree = "<group>"; };
		917E26D32CECCA5A000AACA4 /* CustomSegmentedView.swift */ = {isa = PBXFileReference; lastKnownFileType = sourcecode.swift; path = CustomSegmentedView.swift; sourceTree = "<group>"; };
/* End PBXFileReference section */

/* Begin PBXFrameworksBuildPhase section */
		917E266D2CDA0594000AACA4 /* Frameworks */ = {
			isa = PBXFrameworksBuildPhase;
			buildActionMask = 2147483647;
			files = (
			);
			runOnlyForDeploymentPostprocessing = 0;
		};
/* End PBXFrameworksBuildPhase section */

/* Begin PBXGroup section */
		917E26672CDA0594000AACA4 = {
			isa = PBXGroup;
			children = (
				917E26722CDA0594000AACA4 /* KoKoComboFork */,
				917E26712CDA0594000AACA4 /* Products */,
			);
			sourceTree = "<group>";
		};
		917E26712CDA0594000AACA4 /* Products */ = {
			isa = PBXGroup;
			children = (
				917E26702CDA0594000AACA4 /* KoKoComboFork.app */,
			);
			name = Products;
			sourceTree = "<group>";
		};
		917E26722CDA0594000AACA4 /* KoKoComboFork */ = {
			isa = PBXGroup;
			children = (
				917E26732CDA0594000AACA4 /* AppDelegate.swift */,
				917E26752CDA0594000AACA4 /* SceneDelegate.swift */,
				917E268B2CDB5EBC000AACA4 /* Model */,
				917E268C2CDB5EC3000AACA4 /* ViewModel */,
				917E268D2CDB5ED6000AACA4 /* View */,
				917E268E2CDB603C000AACA4 /* Controller */,
				917E269C2CE32EAB000AACA4 /* Network */,
				917E268F2CDB62B9000AACA4 /* Extension */,
				917E26BB2CEB1C41000AACA4 /* Helper */,
				917E267C2CDA0596000AACA4 /* Assets.xcassets */,
				917E267E2CDA0596000AACA4 /* LaunchScreen.storyboard */,
				917E26812CDA0596000AACA4 /* Info.plist */,
			);
			path = KoKoComboFork;
			sourceTree = "<group>";
		};
		917E268B2CDB5EBC000AACA4 /* Model */ = {
			isa = PBXGroup;
			children = (
				917E269F2CE331B7000AACA4 /* HTTPRequest.swift */,
				917E26A12CE331D4000AACA4 /* HTTPBody.swift */,
				917E26942CDDED7B000AACA4 /* HTTPResponse.swift */,
				917E26B92CEB172E000AACA4 /* FriendsItem.swift */,
			);
			path = Model;
			sourceTree = "<group>";
		};
		917E268C2CDB5EC3000AACA4 /* ViewModel */ = {
			isa = PBXGroup;
			children = (
				917E26CA2CEC6337000AACA4 /* UserViewModel.swift */,
				917E26A32CE3339E000AACA4 /* FriendsViewModel.swift */,
			);
			path = ViewModel;
			sourceTree = "<group>";
		};
		917E268D2CDB5ED6000AACA4 /* View */ = {
			isa = PBXGroup;
			children = (
				917E26AD2CE628D8000AACA4 /* Customised */,
				917E26B62CEB1139000AACA4 /* TableViewCell */,
				917E26B02CEAE12D000AACA4 /* Scenario.storyboard */,
				917E26792CDA0594000AACA4 /* Main.storyboard */,
				917E26992CDDEFF9000AACA4 /* Friend.storyboard */,
			);
			path = View;
			sourceTree = "<group>";
		};
		917E268E2CDB603C000AACA4 /* Controller */ = {
			isa = PBXGroup;
			children = (
				917E26A92CE344D3000AACA4 /* ThemeNavigationController.swift */,
				917E26B22CEAE13B000AACA4 /* Scenario */,
				917E26B52CEAE643000AACA4 /* MainTabBarController */,
				917E26982CDDEFC3000AACA4 /* Main */,
				917E269B2CDDF004000AACA4 /* Friend */,
			);
			path = Controller;
			sourceTree = "<group>";
		};
		917E268F2CDB62B9000AACA4 /* Extension */ = {
			isa = PBXGroup;
			children = (
				917E26902CDB62DE000AACA4 /* UIStoryboard+Ext.swift */,
				917E26922CDB637E000AACA4 /* UIViewController+Ext.swift */,
				917E26BE2CEB1DE5000AACA4 /* UITableView+Ext.swift */,
				917E26C02CEB2129000AACA4 /* UITapGestureRecognizer+Ext.swift */,
				917E26C72CEC18A1000AACA4 /* UIColor+Ext.swift */,
			);
			path = Extension;
			sourceTree = "<group>";
		};
		917E26982CDDEFC3000AACA4 /* Main */ = {
			isa = PBXGroup;
			children = (
				917E26772CDA0594000AACA4 /* ViewController.swift */,
			);
			path = Main;
			sourceTree = "<group>";
		};
		917E269B2CDDF004000AACA4 /* Friend */ = {
			isa = PBXGroup;
			children = (
				917E26962CDDEF94000AACA4 /* FriendsViewController.swift */,
				917E26AB2CE5ECAD000AACA4 /* FriendsDetailViewController.swift */,
			);
			path = Friend;
			sourceTree = "<group>";
		};
		917E269C2CE32EAB000AACA4 /* Network */ = {
			isa = PBXGroup;
			children = (
				917E26A72CE3398A000AACA4 /* KoKoAPI.swift */,
				917E269D2CE32F01000AACA4 /* APIService.swift */,
				917E26A52CE33807000AACA4 /* UserService.swift */,
			);
			path = Network;
			sourceTree = "<group>";
		};
		917E26AD2CE628D8000AACA4 /* Customised */ = {
			isa = PBXGroup;
			children = (
				917E26CC2CEC8584000AACA4 /* InvitationCellView.swift */,
				917E26D32CECCA5A000AACA4 /* CustomSegmentedView.swift */,
				917E26C92CEC1B4C000AACA4 /* TabBar */,
				917E26C22CEB2FC1000AACA4 /* Button */,
			);
			path = Customised;
			sourceTree = "<group>";
		};
		917E26B22CEAE13B000AACA4 /* Scenario */ = {
			isa = PBXGroup;
			children = (
				917E26B32CEAE15A000AACA4 /* ScenarioViewController.swift */,
			);
			path = Scenario;
			sourceTree = "<group>";
		};
		917E26B52CEAE643000AACA4 /* MainTabBarController */ = {
			isa = PBXGroup;
			children = (
				917E26892CDA0A0D000AACA4 /* CustomTabBarController.swift */,
			);
			path = MainTabBarController;
			sourceTree = "<group>";
		};
		917E26B62CEB1139000AACA4 /* TableViewCell */ = {
			isa = PBXGroup;
			children = (
				917E26B72CEB1160000AACA4 /* FriendsTableViewCell.swift */,
			);
			path = TableViewCell;
			sourceTree = "<group>";
		};
		917E26BB2CEB1C41000AACA4 /* Helper */ = {
			isa = PBXGroup;
			children = (
				917E26BC2CEB1C5E000AACA4 /* Boxed.swift */,
			);
			path = Helper;
			sourceTree = "<group>";
		};
		917E26C22CEB2FC1000AACA4 /* Button */ = {
			isa = PBXGroup;
			children = (
				917E26AE2CE62957000AACA4 /* CustomGradientButton.swift */,
				917E26C32CEB2FE6000AACA4 /* CustomTransferButton.swift */,
				917E26C52CEB38FC000AACA4 /* CustomInvitingButton.swift */,
			);
			path = Button;
			sourceTree = "<group>";
		};
		917E26C92CEC1B4C000AACA4 /* TabBar */ = {
			isa = PBXGroup;
			children = (
				917E26872CDA09EC000AACA4 /* CustomTabBar.swift */,
			);
			path = TabBar;
			sourceTree = "<group>";
		};
/* End PBXGroup section */

/* Begin PBXNativeTarget section */
		917E266F2CDA0594000AACA4 /* KoKoComboFork */ = {
			isa = PBXNativeTarget;
			buildConfigurationList = 917E26842CDA0596000AACA4 /* Build configuration list for PBXNativeTarget "KoKoComboFork" */;
			buildPhases = (
				917E266C2CDA0594000AACA4 /* Sources */,
				917E266D2CDA0594000AACA4 /* Frameworks */,
				917E266E2CDA0594000AACA4 /* Resources */,
			);
			buildRules = (
			);
			dependencies = (
			);
			name = KoKoComboFork;
			productName = KoKoComboFork;
			productReference = 917E26702CDA0594000AACA4 /* KoKoComboFork.app */;
			productType = "com.apple.product-type.application";
		};
/* End PBXNativeTarget section */

/* Begin PBXProject section */
		917E26682CDA0594000AACA4 /* Project object */ = {
			isa = PBXProject;
			attributes = {
				BuildIndependentTargetsInParallel = 1;
				LastSwiftUpdateCheck = 1520;
				LastUpgradeCheck = 1520;
				TargetAttributes = {
					917E266F2CDA0594000AACA4 = {
						CreatedOnToolsVersion = 15.2;
					};
				};
			};
			buildConfigurationList = 917E266B2CDA0594000AACA4 /* Build configuration list for PBXProject "KoKoComboFork" */;
			compatibilityVersion = "Xcode 14.0";
			developmentRegion = en;
			hasScannedForEncodings = 0;
			knownRegions = (
				en,
				Base,
			);
			mainGroup = 917E26672CDA0594000AACA4;
			productRefGroup = 917E26712CDA0594000AACA4 /* Products */;
			projectDirPath = "";
			projectRoot = "";
			targets = (
				917E266F2CDA0594000AACA4 /* KoKoComboFork */,
			);
		};
/* End PBXProject section */

/* Begin PBXResourcesBuildPhase section */
		917E266E2CDA0594000AACA4 /* Resources */ = {
			isa = PBXResourcesBuildPhase;
			buildActionMask = 2147483647;
			files = (
				917E269A2CDDEFF9000AACA4 /* Friend.storyboard in Resources */,
				917E26B12CEAE12D000AACA4 /* Scenario.storyboard in Resources */,
				917E26802CDA0596000AACA4 /* LaunchScreen.storyboard in Resources */,
				917E267D2CDA0596000AACA4 /* Assets.xcassets in Resources */,
				917E267B2CDA0594000AACA4 /* Main.storyboard in Resources */,
			);
			runOnlyForDeploymentPostprocessing = 0;
		};
/* End PBXResourcesBuildPhase section */

/* Begin PBXSourcesBuildPhase section */
		917E266C2CDA0594000AACA4 /* Sources */ = {
			isa = PBXSourcesBuildPhase;
			buildActionMask = 2147483647;
			files = (
				917E26BF2CEB1DE5000AACA4 /* UITableView+Ext.swift in Sources */,
				917E26A62CE33807000AACA4 /* UserService.swift in Sources */,
				917E26AA2CE344D3000AACA4 /* ThemeNavigationController.swift in Sources */,
				917E26AC2CE5ECAD000AACA4 /* FriendsDetailViewController.swift in Sources */,
				917E26C42CEB2FE6000AACA4 /* CustomTransferButton.swift in Sources */,
				917E26CB2CEC6337000AACA4 /* UserViewModel.swift in Sources */,
				917E26B82CEB1160000AACA4 /* FriendsTableViewCell.swift in Sources */,
				917E26882CDA09EC000AACA4 /* CustomTabBar.swift in Sources */,
				917E26AF2CE62957000AACA4 /* CustomGradientButton.swift in Sources */,
				917E26A02CE331B7000AACA4 /* HTTPRequest.swift in Sources */,
				917E26CD2CEC8584000AACA4 /* InvitationCellView.swift in Sources */,
				917E26972CDDEF94000AACA4 /* FriendsViewController.swift in Sources */,
				917E26A22CE331D4000AACA4 /* HTTPBody.swift in Sources */,
				917E26782CDA0594000AACA4 /* ViewController.swift in Sources */,
				917E26C12CEB2129000AACA4 /* UITapGestureRecognizer+Ext.swift in Sources */,
				917E26932CDB637E000AACA4 /* UIViewController+Ext.swift in Sources */,
				917E26D42CECCA5A000AACA4 /* CustomSegmentedView.swift in Sources */,
				917E26A82CE3398A000AACA4 /* KoKoAPI.swift in Sources */,
				917E26C82CEC18A1000AACA4 /* UIColor+Ext.swift in Sources */,
				917E26BD2CEB1C5E000AACA4 /* Boxed.swift in Sources */,
				917E26912CDB62DE000AACA4 /* UIStoryboard+Ext.swift in Sources */,
				917E26952CDDED7B000AACA4 /* HTTPResponse.swift in Sources */,
				917E26C62CEB38FC000AACA4 /* CustomInvitingButton.swift in Sources */,
				917E269E2CE32F01000AACA4 /* APIService.swift in Sources */,
				917E268A2CDA0A0D000AACA4 /* CustomTabBarController.swift in Sources */,
				917E26BA2CEB172E000AACA4 /* FriendsItem.swift in Sources */,
				917E26742CDA0594000AACA4 /* AppDelegate.swift in Sources */,
				917E26A42CE3339E000AACA4 /* FriendsViewModel.swift in Sources */,
				917E26B42CEAE15A000AACA4 /* ScenarioViewController.swift in Sources */,
				917E26762CDA0594000AACA4 /* SceneDelegate.swift in Sources */,
			);
			runOnlyForDeploymentPostprocessing = 0;
		};
/* End PBXSourcesBuildPhase section */

/* Begin PBXVariantGroup section */
		917E26792CDA0594000AACA4 /* Main.storyboard */ = {
			isa = PBXVariantGroup;
			children = (
				917E267A2CDA0594000AACA4 /* Base */,
			);
			name = Main.storyboard;
			sourceTree = "<group>";
		};
		917E267E2CDA0596000AACA4 /* LaunchScreen.storyboard */ = {
			isa = PBXVariantGroup;
			children = (
				917E267F2CDA0596000AACA4 /* Base */,
			);
			name = LaunchScreen.storyboard;
			sourceTree = "<group>";
		};
/* End PBXVariantGroup section */

/* Begin XCBuildConfiguration section */
		917E26822CDA0596000AACA4 /* Debug */ = {
			isa = XCBuildConfiguration;
			buildSettings = {
				ALWAYS_SEARCH_USER_PATHS = NO;
				ASSETCATALOG_COMPILER_GENERATE_SWIFT_ASSET_SYMBOL_EXTENSIONS = YES;
				CLANG_ANALYZER_NONNULL = YES;
				CLANG_ANALYZER_NUMBER_OBJECT_CONVERSION = YES_AGGRESSIVE;
				CLANG_CXX_LANGUAGE_STANDARD = "gnu++20";
				CLANG_ENABLE_MODULES = YES;
				CLANG_ENABLE_OBJC_ARC = YES;
				CLANG_ENABLE_OBJC_WEAK = YES;
				CLANG_WARN_BLOCK_CAPTURE_AUTORELEASING = YES;
				CLANG_WARN_BOOL_CONVERSION = YES;
				CLANG_WARN_COMMA = YES;
				CLANG_WARN_CONSTANT_CONVERSION = YES;
				CLANG_WARN_DEPRECATED_OBJC_IMPLEMENTATIONS = YES;
				CLANG_WARN_DIRECT_OBJC_ISA_USAGE = YES_ERROR;
				CLANG_WARN_DOCUMENTATION_COMMENTS = YES;
				CLANG_WARN_EMPTY_BODY = YES;
				CLANG_WARN_ENUM_CONVERSION = YES;
				CLANG_WARN_INFINITE_RECURSION = YES;
				CLANG_WARN_INT_CONVERSION = YES;
				CLANG_WARN_NON_LITERAL_NULL_CONVERSION = YES;
				CLANG_WARN_OBJC_IMPLICIT_RETAIN_SELF = YES;
				CLANG_WARN_OBJC_LITERAL_CONVERSION = YES;
				CLANG_WARN_OBJC_ROOT_CLASS = YES_ERROR;
				CLANG_WARN_QUOTED_INCLUDE_IN_FRAMEWORK_HEADER = YES;
				CLANG_WARN_RANGE_LOOP_ANALYSIS = YES;
				CLANG_WARN_STRICT_PROTOTYPES = YES;
				CLANG_WARN_SUSPICIOUS_MOVE = YES;
				CLANG_WARN_UNGUARDED_AVAILABILITY = YES_AGGRESSIVE;
				CLANG_WARN_UNREACHABLE_CODE = YES;
				CLANG_WARN__DUPLICATE_METHOD_MATCH = YES;
				COPY_PHASE_STRIP = NO;
				DEBUG_INFORMATION_FORMAT = dwarf;
				ENABLE_STRICT_OBJC_MSGSEND = YES;
				ENABLE_TESTABILITY = YES;
				ENABLE_USER_SCRIPT_SANDBOXING = YES;
				GCC_C_LANGUAGE_STANDARD = gnu17;
				GCC_DYNAMIC_NO_PIC = NO;
				GCC_NO_COMMON_BLOCKS = YES;
				GCC_OPTIMIZATION_LEVEL = 0;
				GCC_PREPROCESSOR_DEFINITIONS = (
					"DEBUG=1",
					"$(inherited)",
				);
				GCC_WARN_64_TO_32_BIT_CONVERSION = YES;
				GCC_WARN_ABOUT_RETURN_TYPE = YES_ERROR;
				GCC_WARN_UNDECLARED_SELECTOR = YES;
				GCC_WARN_UNINITIALIZED_AUTOS = YES_AGGRESSIVE;
				GCC_WARN_UNUSED_FUNCTION = YES;
				GCC_WARN_UNUSED_VARIABLE = YES;
				IPHONEOS_DEPLOYMENT_TARGET = 16.0;
				LOCALIZATION_PREFERS_STRING_CATALOGS = YES;
				MTL_ENABLE_DEBUG_INFO = INCLUDE_SOURCE;
				MTL_FAST_MATH = YES;
				ONLY_ACTIVE_ARCH = YES;
				SDKROOT = iphoneos;
				SWIFT_ACTIVE_COMPILATION_CONDITIONS = "DEBUG $(inherited)";
				SWIFT_OPTIMIZATION_LEVEL = "-Onone";
			};
			name = Debug;
		};
		917E26832CDA0596000AACA4 /* Release */ = {
			isa = XCBuildConfiguration;
			buildSettings = {
				ALWAYS_SEARCH_USER_PATHS = NO;
				ASSETCATALOG_COMPILER_GENERATE_SWIFT_ASSET_SYMBOL_EXTENSIONS = YES;
				CLANG_ANALYZER_NONNULL = YES;
				CLANG_ANALYZER_NUMBER_OBJECT_CONVERSION = YES_AGGRESSIVE;
				CLANG_CXX_LANGUAGE_STANDARD = "gnu++20";
				CLANG_ENABLE_MODULES = YES;
				CLANG_ENABLE_OBJC_ARC = YES;
				CLANG_ENABLE_OBJC_WEAK = YES;
				CLANG_WARN_BLOCK_CAPTURE_AUTORELEASING = YES;
				CLANG_WARN_BOOL_CONVERSION = YES;
				CLANG_WARN_COMMA = YES;
				CLANG_WARN_CONSTANT_CONVERSION = YES;
				CLANG_WARN_DEPRECATED_OBJC_IMPLEMENTATIONS = YES;
				CLANG_WARN_DIRECT_OBJC_ISA_USAGE = YES_ERROR;
				CLANG_WARN_DOCUMENTATION_COMMENTS = YES;
				CLANG_WARN_EMPTY_BODY = YES;
				CLANG_WARN_ENUM_CONVERSION = YES;
				CLANG_WARN_INFINITE_RECURSION = YES;
				CLANG_WARN_INT_CONVERSION = YES;
				CLANG_WARN_NON_LITERAL_NULL_CONVERSION = YES;
				CLANG_WARN_OBJC_IMPLICIT_RETAIN_SELF = YES;
				CLANG_WARN_OBJC_LITERAL_CONVERSION = YES;
				CLANG_WARN_OBJC_ROOT_CLASS = YES_ERROR;
				CLANG_WARN_QUOTED_INCLUDE_IN_FRAMEWORK_HEADER = YES;
				CLANG_WARN_RANGE_LOOP_ANALYSIS = YES;
				CLANG_WARN_STRICT_PROTOTYPES = YES;
				CLANG_WARN_SUSPICIOUS_MOVE = YES;
				CLANG_WARN_UNGUARDED_AVAILABILITY = YES_AGGRESSIVE;
				CLANG_WARN_UNREACHABLE_CODE = YES;
				CLANG_WARN__DUPLICATE_METHOD_MATCH = YES;
				COPY_PHASE_STRIP = NO;
				DEBUG_INFORMATION_FORMAT = "dwarf-with-dsym";
				ENABLE_NS_ASSERTIONS = NO;
				ENABLE_STRICT_OBJC_MSGSEND = YES;
				ENABLE_USER_SCRIPT_SANDBOXING = YES;
				GCC_C_LANGUAGE_STANDARD = gnu17;
				GCC_NO_COMMON_BLOCKS = YES;
				GCC_WARN_64_TO_32_BIT_CONVERSION = YES;
				GCC_WARN_ABOUT_RETURN_TYPE = YES_ERROR;
				GCC_WARN_UNDECLARED_SELECTOR = YES;
				GCC_WARN_UNINITIALIZED_AUTOS = YES_AGGRESSIVE;
				GCC_WARN_UNUSED_FUNCTION = YES;
				GCC_WARN_UNUSED_VARIABLE = YES;
				IPHONEOS_DEPLOYMENT_TARGET = 16.0;
				LOCALIZATION_PREFERS_STRING_CATALOGS = YES;
				MTL_ENABLE_DEBUG_INFO = NO;
				MTL_FAST_MATH = YES;
				SDKROOT = iphoneos;
				SWIFT_COMPILATION_MODE = wholemodule;
				VALIDATE_PRODUCT = YES;
			};
			name = Release;
		};
		917E26852CDA0596000AACA4 /* Debug */ = {
			isa = XCBuildConfiguration;
			buildSettings = {
				ASSETCATALOG_COMPILER_APPICON_NAME = AppIcon;
				ASSETCATALOG_COMPILER_GLOBAL_ACCENT_COLOR_NAME = AccentColor;
				CODE_SIGN_STYLE = Automatic;
				CURRENT_PROJECT_VERSION = 1;
				DEVELOPMENT_TEAM = VWDLUM96X8;
				GENERATE_INFOPLIST_FILE = YES;
				INFOPLIST_FILE = KoKoComboFork/Info.plist;
				INFOPLIST_KEY_UIApplicationSupportsIndirectInputEvents = YES;
				INFOPLIST_KEY_UILaunchStoryboardName = LaunchScreen;
				INFOPLIST_KEY_UIMainStoryboardFile = Main;
				INFOPLIST_KEY_UISupportedInterfaceOrientations_iPad = "UIInterfaceOrientationPortrait UIInterfaceOrientationPortraitUpsideDown UIInterfaceOrientationLandscapeLeft UIInterfaceOrientationLandscapeRight";
				INFOPLIST_KEY_UISupportedInterfaceOrientations_iPhone = "UIInterfaceOrientationPortrait UIInterfaceOrientationLandscapeLeft UIInterfaceOrientationLandscapeRight";
				IPHONEOS_DEPLOYMENT_TARGET = 16.0;
				LD_RUNPATH_SEARCH_PATHS = (
					"$(inherited)",
					"@executable_path/Frameworks",
				);
				MARKETING_VERSION = 1.0;
				PRODUCT_BUNDLE_IDENTIFIER = cowton0627.KoKoComboFork;
				PRODUCT_NAME = "$(TARGET_NAME)";
				SWIFT_EMIT_LOC_STRINGS = YES;
				SWIFT_VERSION = 5.0;
				TARGETED_DEVICE_FAMILY = "1,2";
			};
			name = Debug;
		};
		917E26862CDA0596000AACA4 /* Release */ = {
			isa = XCBuildConfiguration;
			buildSettings = {
				ASSETCATALOG_COMPILER_APPICON_NAME = AppIcon;
				ASSETCATALOG_COMPILER_GLOBAL_ACCENT_COLOR_NAME = AccentColor;
				CODE_SIGN_STYLE = Automatic;
				CURRENT_PROJECT_VERSION = 1;
				DEVELOPMENT_TEAM = VWDLUM96X8;
				GENERATE_INFOPLIST_FILE = YES;
				INFOPLIST_FILE = KoKoComboFork/Info.plist;
				INFOPLIST_KEY_UIApplicationSupportsIndirectInputEvents = YES;
				INFOPLIST_KEY_UILaunchStoryboardName = LaunchScreen;
				INFOPLIST_KEY_UIMainStoryboardFile = Main;
				INFOPLIST_KEY_UISupportedInterfaceOrientations_iPad = "UIInterfaceOrientationPortrait UIInterfaceOrientationPortraitUpsideDown UIInterfaceOrientationLandscapeLeft UIInterfaceOrientationLandscapeRight";
				INFOPLIST_KEY_UISupportedInterfaceOrientations_iPhone = "UIInterfaceOrientationPortrait UIInterfaceOrientationLandscapeLeft UIInterfaceOrientationLandscapeRight";
				IPHONEOS_DEPLOYMENT_TARGET = 16.0;
				LD_RUNPATH_SEARCH_PATHS = (
					"$(inherited)",
					"@executable_path/Frameworks",
				);
				MARKETING_VERSION = 1.0;
				PRODUCT_BUNDLE_IDENTIFIER = cowton0627.KoKoComboFork;
				PRODUCT_NAME = "$(TARGET_NAME)";
				SWIFT_EMIT_LOC_STRINGS = YES;
				SWIFT_VERSION = 5.0;
				TARGETED_DEVICE_FAMILY = "1,2";
			};
			name = Release;
		};
/* End XCBuildConfiguration section */

/* Begin XCConfigurationList section */
		917E266B2CDA0594000AACA4 /* Build configuration list for PBXProject "KoKoComboFork" */ = {
			isa = XCConfigurationList;
			buildConfigurations = (
				917E26822CDA0596000AACA4 /* Debug */,
				917E26832CDA0596000AACA4 /* Release */,
			);
			defaultConfigurationIsVisible = 0;
			defaultConfigurationName = Release;
		};
		917E26842CDA0596000AACA4 /* Build configuration list for PBXNativeTarget "KoKoComboFork" */ = {
			isa = XCConfigurationList;
			buildConfigurations = (
				917E26852CDA0596000AACA4 /* Debug */,
				917E26862CDA0596000AACA4 /* Release */,
			);
			defaultConfigurationIsVisible = 0;
			defaultConfigurationName = Release;
		};
/* End XCConfigurationList section */
	};
	rootObject = 917E26682CDA0594000AACA4 /* Project object */;
}
